<?xml version="1.0" encoding="utf-8"?>
<Project ToolsVersion="4.0" xmlns="http://schemas.microsoft.com/developer/msbuild/2003">
  <ItemGroup>
    <Filter Include="源文件">
      <UniqueIdentifier>{4FC737F1-C7A5-4376-A066-2A32D752A2FF}</UniqueIdentifier>
      <Extensions>cpp;c;cc;cxx;def;odl;idl;hpj;bat;asm;asmx</Extensions>
    </Filter>
    <Filter Include="头文件">
      <UniqueIdentifier>{93995380-89BD-4b04-88EB-625FBE52EBFB}</UniqueIdentifier>
      <Extensions>h;hh;hpp;hxx;hm;inl;inc;ipp;xsd</Extensions>
    </Filter>
    <Filter Include="资源文件">
      <UniqueIdentifier>{67DA6AB6-F800-4c08-8B7A-83BB121AAD01}</UniqueIdentifier>
      <Extensions>rc;ico;cur;bmp;dlg;rc2;rct;bin;rgs;gif;jpg;jpeg;jpe;resx;tiff;tif;png;wav;mfcribbon-ms</Extensions>
    </Filter>
    <Filter Include="头文件\mainsettingcenter">
      <UniqueIdentifier>{0c3c6295-d139-4066-a9c8-99e5ca19447f}</UniqueIdentifier>
    </Filter>
    <Filter Include="源文件\mainsettingcenter">
      <UniqueIdentifier>{d1f2689e-397f-4a6a-8570-25c49069c462}</UniqueIdentifier>
    </Filter>
    <Filter Include="头文件\languagecenter">
      <UniqueIdentifier>{c9b00aea-02ed-4425-9d86-d15f6cfbdcb4}</UniqueIdentifier>
    </Filter>
    <Filter Include="源文件\languagecenter">
      <UniqueIdentifier>{5125108e-3bd7-4577-a6f0-5c6dbb3bddd0}</UniqueIdentifier>
    </Filter>
  </ItemGroup>
  <ItemGroup>
    <ClInclude Include="stdafx.h">
      <Filter>头文件</Filter>
    </ClInclude>
    <ClInclude Include="targetver.h">
      <Filter>头文件</Filter>
    </ClInclude>
    <ClInclude Include="jsoncpp.h">
      <Filter>头文件</Filter>
    </ClInclude>
    <ClInclude Include="debugcenter.h">
      <Filter>头文件</Filter>
    </ClInclude>
    <ClInclude Include="versions.h">
      <Filter>头文件</Filter>
    </ClInclude>
    <ClInclude Include="settings.h">
      <Filter>头文件\mainsettingcenter</Filter>
    </ClInclude>
    <ClInclude Include="resource.h">
      <Filter>头文件</Filter>
    </ClInclude>
    <ClInclude Include="settingtest.h">
      <Filter>头文件\mainsettingcenter</Filter>
    </ClInclude>
    <ClInclude Include="language.h">
      <Filter>头文件\languagecenter</Filter>
    </ClInclude>
    <ClInclude Include="language_test.h">
      <Filter>头文件\languagecenter</Filter>
    </ClInclude>
    <ClInclude Include="language_resources.h">
      <Filter>头文件\languagecenter</Filter>
    </ClInclude>
  </ItemGroup>
  <ItemGroup>
    <ClCompile Include="stdafx.cpp">
      <Filter>源文件</Filter>
    </ClCompile>
    <ClCompile Include="FirstGold_PriceCalculator.cpp">
      <Filter>源文件</Filter>
    </ClCompile>
    <ClCompile Include="jsoncpp.cpp">
      <Filter>源文件</Filter>
    </ClCompile>
    <ClCompile Include="settings.cpp">
      <Filter>源文件\mainsettingcenter</Filter>
    </ClCompile>
    <ClCompile Include="settingtest.cpp">
      <Filter>源文件\mainsettingcenter</Filter>
    </ClCompile>
    <ClCompile Include="versions_func.cpp">
      <Filter>源文件</Filter>
    </ClCompile>
    <ClCompile Include="languagecenter.cpp">
      <Filter>源文件\languagecenter</Filter>
    </ClCompile>
    <ClCompile Include="languagecenter_test.cpp">
      <Filter>源文件\languagecenter</Filter>
    </ClCompile>
  </ItemGroup>
  <ItemGroup>
    <ResourceCompile Include="FirstGold_PriceCalculator.rc">
      <Filter>资源文件</Filter>
    </ResourceCompile>
  </ItemGroup>
  <ItemGroup>
    <Text Include="resources\initialmainsetting.txt">
      <Filter>资源文件</Filter>
    </Text>
    <Text Include="resources\mainsettinglist.txt">
      <Filter>资源文件</Filter>
    </Text>
  </ItemGroup>
</Project>